
Microsoft Visual Studio Solution File, Format Version 12.00
# Visual Studio 15
VisualStudioVersion = 15.0.28307.1082
MinimumVisualStudioVersion = 10.0.40219.1
Project("{FAE04EC0-301F-11D3-BF4B-00C04F79EFBC}") = "LAB_4(NUM)", "LAB_4(NUM)\LAB_4(NUM).csproj", "{40C8E08B-362D-4D80-AFDB-59413023F237}"
EndProject
Global
	GlobalSection(SolutionConfigurationPlatforms) = preSolution
		Debug|Any CPU = Debug|Any CPU
		Release|Any CPU = Release|Any CPU
	EndGlobalSection
	GlobalSection(ProjectConfigurationPlatforms) = postSolution
		{40C8E08B-362D-4D80-AFDB-59413023F237}.Debug|Any CPU.ActiveCfg = Debug|Any CPU
		{40C8E08B-362D-4D80-AFDB-59413023F237}.Debug|Any CPU.Build.0 = Debug|Any CPU
		{40C8E08B-362D-4D80-AFDB-59413023F237}.Release|Any CPU.ActiveCfg = Release|Any CPU
		{40C8E08B-362D-4D80-AFDB-59413023F237}.Release|Any CPU.Build.0 = Release|Any CPU
	EndGlobalSection
	GlobalSection(SolutionProperties) = preSolution
		HideSolutionNode = FALSE
	EndGlobalSection
	GlobalSection(ExtensibilityGlobals) = postSolution
		SolutionGuid = {B60BC7DC-B43D-4890-9296-24C0A11D9FAE}
	EndGlobalSection
EndGlobal
