
Microsoft Visual Studio Solution File, Format Version 12.00
# Visual Studio 15
VisualStudioVersion = 15.0.28307.1082
MinimumVisualStudioVersion = 10.0.40219.1
Project("{FAE04EC0-301F-11D3-BF4B-00C04F79EFBC}") = "LAB_2(NUM)", "LAB_2(NUM)\LAB_2(NUM).csproj", "{F099CFCF-8457-43D6-92CE-23030417B8AD}"
EndProject
Global
	GlobalSection(SolutionConfigurationPlatforms) = preSolution
		Debug|Any CPU = Debug|Any CPU
		Release|Any CPU = Release|Any CPU
	EndGlobalSection
	GlobalSection(ProjectConfigurationPlatforms) = postSolution
		{F099CFCF-8457-43D6-92CE-23030417B8AD}.Debug|Any CPU.ActiveCfg = Debug|Any CPU
		{F099CFCF-8457-43D6-92CE-23030417B8AD}.Debug|Any CPU.Build.0 = Debug|Any CPU
		{F099CFCF-8457-43D6-92CE-23030417B8AD}.Release|Any CPU.ActiveCfg = Release|Any CPU
		{F099CFCF-8457-43D6-92CE-23030417B8AD}.Release|Any CPU.Build.0 = Release|Any CPU
	EndGlobalSection
	GlobalSection(SolutionProperties) = preSolution
		HideSolutionNode = FALSE
	EndGlobalSection
	GlobalSection(ExtensibilityGlobals) = postSolution
		SolutionGuid = {2B47C9B6-EC38-48D1-BC3F-FD6559A351F4}
	EndGlobalSection
EndGlobal
